{
  "name": "simpleframe",
  "version": "1.0.0",
  "lockfileVersion": 1,
  "requires": true,
  "dependencies": {
    "@types/lodash": {
      "version": "4.14.116",
      "resolved": "http://registry.npm.taobao.org/@types/lodash/download/@types/lodash-4.14.116.tgz",
      "integrity": "sha1-XM8hVlPj6MeGpYOQdRAzqa3KDrk="
    },
    "lodash": {
      "version": "4.17.11",
      "resolved": "http://registry.npm.taobao.org/lodash/download/lodash-4.17.11.tgz",
      "integrity": "sha1-s56mIp72B+zYniyN8SU2iRysm40="
    },
    "mingo": {
      "version": "2.2.4",
      "resolved": "http://registry.npm.taobao.org/mingo/download/mingo-2.2.4.tgz",
      "integrity": "sha1-tA1Jhi9V6T3z8alpNh89HHO/ukg="
    }
  }
}
